
Microsoft Visual Studio Solution File, Format Version 12.00
# Visual Studio Version 17
VisualStudioVersion = 17.0.31903.59
MinimumVisualStudioVersion = 10.0.40219.1
Project("{FAE04EC0-301F-11D3-BF4B-00C04F79EFBC}") = "NexTalk.Messaging.Service", "NexTalk.Messaging.Service\NexTalk.Messaging.Service.csproj", "{0605EC54-5DC1-4312-B18B-518396100F47}"
EndProject
Project("{FAE04EC0-301F-11D3-BF4B-00C04F79EFBC}") = "NexTalk.Messaging.Service.Tests", "NexTalk.Messaging.Service.Tests\NexTalk.Messaging.Service.Tests.csproj", "{9E861024-30C0-45B1-A15E-EB62CBE10190}"
EndProject
Global
	GlobalSection(SolutionConfigurationPlatforms) = preSolution
		Debug|Any CPU = Debug|Any CPU
		Release|Any CPU = Release|Any CPU
	EndGlobalSection
	GlobalSection(SolutionProperties) = preSolution
		HideSolutionNode = FALSE
	EndGlobalSection
	GlobalSection(ProjectConfigurationPlatforms) = postSolution
		{0605EC54-5DC1-4312-B18B-518396100F47}.Debug|Any CPU.ActiveCfg = Debug|Any CPU
		{0605EC54-5DC1-4312-B18B-518396100F47}.Debug|Any CPU.Build.0 = Debug|Any CPU
		{0605EC54-5DC1-4312-B18B-518396100F47}.Release|Any CPU.ActiveCfg = Release|Any CPU
		{0605EC54-5DC1-4312-B18B-518396100F47}.Release|Any CPU.Build.0 = Release|Any CPU
		{9E861024-30C0-45B1-A15E-EB62CBE10190}.Debug|Any CPU.ActiveCfg = Debug|Any CPU
		{9E861024-30C0-45B1-A15E-EB62CBE10190}.Debug|Any CPU.Build.0 = Debug|Any CPU
		{9E861024-30C0-45B1-A15E-EB62CBE10190}.Release|Any CPU.ActiveCfg = Release|Any CPU
		{9E861024-30C0-45B1-A15E-EB62CBE10190}.Release|Any CPU.Build.0 = Release|Any CPU
	EndGlobalSection
EndGlobal
